Microsoft Visual Studio Solution File, Format Version 12.00
# Visual Studio Version 17
VisualStudioVersion = 17.13.35825.156
MinimumVisualStudioVersion = 10.0.40219.1
Project("{FAE04EC0-301F-11D3-BF4B-00C04F79EFBC}") = "multilique dos numeros", "multilique dos numeros\multilique dos numeros.csproj", "{95A220F8-F7B5-4571-941F-DABEE360A9DB}"
EndProject
Global
	GlobalSection(SolutionConfigurationPlatforms) = preSolution
		Debug|Any CPU = Debug|Any CPU
		Release|Any CPU = Release|Any CPU
	EndGlobalSection
	GlobalSection(ProjectConfigurationPlatforms) = postSolution
		{95A220F8-F7B5-4571-941F-DABEE360A9DB}.Debug|Any CPU.ActiveCfg = Debug|Any CPU
		{95A220F8-F7B5-4571-941F-DABEE360A9DB}.Debug|Any CPU.Build.0 = Debug|Any CPU
		{95A220F8-F7B5-4571-941F-DABEE360A9DB}.Release|Any CPU.ActiveCfg = Release|Any CPU
		{95A220F8-F7B5-4571-941F-DABEE360A9DB}.Release|Any CPU.Build.0 = Release|Any CPU
	EndGlobalSection
	GlobalSection(SolutionProperties) = preSolution
		HideSolutionNode = FALSE
	EndGlobalSection
	GlobalSection(ExtensibilityGlobals) = postSolution
		SolutionGuid = {B0993368-E536-4ECD-987B-FBBBB20EDFE7}
	EndGlobalSection
EndGlobal
