
Microsoft Visual Studio Solution File, Format Version 12.00
# Visual Studio Version 17
VisualStudioVersion = 17.13.35825.156 d17.13
MinimumVisualStudioVersion = 10.0.40219.1
Project("{FAE04EC0-301F-11D3-BF4B-00C04F79EFBC}") = "Registro Gym", "Registro Gym\Registro Gym.csproj", "{3C22DAE1-042B-4E04-9D08-96D3A1473650}"
EndProject
Global
	GlobalSection(SolutionConfigurationPlatforms) = preSolution
		Debug|Any CPU = Debug|Any CPU
		Release|Any CPU = Release|Any CPU
	EndGlobalSection
	GlobalSection(ProjectConfigurationPlatforms) = postSolution
		{3C22DAE1-042B-4E04-9D08-96D3A1473650}.Debug|Any CPU.ActiveCfg = Debug|Any CPU
		{3C22DAE1-042B-4E04-9D08-96D3A1473650}.Debug|Any CPU.Build.0 = Debug|Any CPU
		{3C22DAE1-042B-4E04-9D08-96D3A1473650}.Release|Any CPU.ActiveCfg = Release|Any CPU
		{3C22DAE1-042B-4E04-9D08-96D3A1473650}.Release|Any CPU.Build.0 = Release|Any CPU
	EndGlobalSection
	GlobalSection(SolutionProperties) = preSolution
		HideSolutionNode = FALSE
	EndGlobalSection
	GlobalSection(ExtensibilityGlobals) = postSolution
		SolutionGuid = {1909A1CE-DBB6-44AE-BB49-15BC9A7D59A2}
	EndGlobalSection
EndGlobal
